
Microsoft Visual Studio Solution File, Format Version 12.00
# Visual Studio Version 17
VisualStudioVersion = 17.10.34928.147
MinimumVisualStudioVersion = 10.0.40219.1
Project("{FAE04EC0-301F-11D3-BF4B-00C04F79EFBC}") = "modulo1sintaxis", "modulo1sintaxis.csproj", "{99CAA4B5-6E06-469B-8B99-7FE5BE4A88E3}"
EndProject
Global
	GlobalSection(SolutionConfigurationPlatforms) = preSolution
		Debug|Any CPU = Debug|Any CPU
		Release|Any CPU = Release|Any CPU
	EndGlobalSection
	GlobalSection(ProjectConfigurationPlatforms) = postSolution
		{99CAA4B5-6E06-469B-8B99-7FE5BE4A88E3}.Debug|Any CPU.ActiveCfg = Debug|Any CPU
		{99CAA4B5-6E06-469B-8B99-7FE5BE4A88E3}.Debug|Any CPU.Build.0 = Debug|Any CPU
		{99CAA4B5-6E06-469B-8B99-7FE5BE4A88E3}.Release|Any CPU.ActiveCfg = Release|Any CPU
		{99CAA4B5-6E06-469B-8B99-7FE5BE4A88E3}.Release|Any CPU.Build.0 = Release|Any CPU
	EndGlobalSection
	GlobalSection(SolutionProperties) = preSolution
		HideSolutionNode = FALSE
	EndGlobalSection
	GlobalSection(ExtensibilityGlobals) = postSolution
		SolutionGuid = {7028602C-49DE-4540-BF56-459F29942C71}
	EndGlobalSection
EndGlobal
